
Microsoft Visual Studio Solution File, Format Version 12.00
# Visual Studio Version 17
VisualStudioVersion = 17.6.33815.320
MinimumVisualStudioVersion = 10.0.40219.1
Project("{FAE04EC0-301F-11D3-BF4B-00C04F79EFBC}") = "TaschenRechner_Version_7.1", "TaschenRechner_Version_7.1\TaschenRechner_Version_7.1.csproj", "{7D111DBC-FE8A-4069-A297-685CF64B7733}"
EndProject
Global
	GlobalSection(SolutionConfigurationPlatforms) = preSolution
		Debug|Any CPU = Debug|Any CPU
		Release|Any CPU = Release|Any CPU
	EndGlobalSection
	GlobalSection(ProjectConfigurationPlatforms) = postSolution
		{7D111DBC-FE8A-4069-A297-685CF64B7733}.Debug|Any CPU.ActiveCfg = Debug|Any CPU
		{7D111DBC-FE8A-4069-A297-685CF64B7733}.Debug|Any CPU.Build.0 = Debug|Any CPU
		{7D111DBC-FE8A-4069-A297-685CF64B7733}.Release|Any CPU.ActiveCfg = Release|Any CPU
		{7D111DBC-FE8A-4069-A297-685CF64B7733}.Release|Any CPU.Build.0 = Release|Any CPU
	EndGlobalSection
	GlobalSection(SolutionProperties) = preSolution
		HideSolutionNode = FALSE
	EndGlobalSection
	GlobalSection(ExtensibilityGlobals) = postSolution
		SolutionGuid = {0CD7C605-FC24-4888-A692-DDE4FAE84852}
	EndGlobalSection
EndGlobal
