
Microsoft Visual Studio Solution File, Format Version 12.00
# Visual Studio Version 17
VisualStudioVersion = 17.6.33815.320
MinimumVisualStudioVersion = 10.0.40219.1
Project("{E24C65DC-7377-472B-9ABA-BC803B73C61A}") = "Webseite_Taschenrechner_3", "Webseite_Taschenrechner_3\", "{22E7623F-1531-44ED-BADE-6559F7F305B6}"
	ProjectSection(WebsiteProperties) = preProject
		TargetFrameworkMoniker = ".NETFramework,Version%3Dv4.7.2"
		Debug.AspNetCompiler.VirtualPath = "/localhost_53284"
		Debug.AspNetCompiler.PhysicalPath = "Webseite_Taschenrechner_3\"
		Debug.AspNetCompiler.TargetPath = "PrecompiledWeb\localhost_53284\"
		Debug.AspNetCompiler.Updateable = "true"
		Debug.AspNetCompiler.ForceOverwrite = "true"
		Debug.AspNetCompiler.FixedNames = "false"
		Debug.AspNetCompiler.Debug = "True"
		Release.AspNetCompiler.VirtualPath = "/localhost_53284"
		Release.AspNetCompiler.PhysicalPath = "Webseite_Taschenrechner_3\"
		Release.AspNetCompiler.TargetPath = "PrecompiledWeb\localhost_53284\"
		Release.AspNetCompiler.Updateable = "true"
		Release.AspNetCompiler.ForceOverwrite = "true"
		Release.AspNetCompiler.FixedNames = "false"
		Release.AspNetCompiler.Debug = "False"
		VWDPort = "53284"
		SlnRelativePath = "Webseite_Taschenrechner_3\"
		DefaultWebSiteLanguage = "Visual C#"
	EndProjectSection
EndProject
Global
	GlobalSection(SolutionConfigurationPlatforms) = preSolution
		Debug|Any CPU = Debug|Any CPU
	EndGlobalSection
	GlobalSection(ProjectConfigurationPlatforms) = postSolution
		{22E7623F-1531-44ED-BADE-6559F7F305B6}.Debug|Any CPU.ActiveCfg = Debug|Any CPU
		{22E7623F-1531-44ED-BADE-6559F7F305B6}.Debug|Any CPU.Build.0 = Debug|Any CPU
	EndGlobalSection
	GlobalSection(SolutionProperties) = preSolution
		HideSolutionNode = FALSE
	EndGlobalSection
	GlobalSection(ExtensibilityGlobals) = postSolution
		SolutionGuid = {19E90ECE-F739-4FB9-8804-87C8408FC1D6}
	EndGlobalSection
EndGlobal
